
Microsoft Visual Studio Solution File, Format Version 12.00
# Visual Studio 14
VisualStudioVersion = 14.0.23107.0
MinimumVisualStudioVersion = 10.0.40219.1
Project("{FAE04EC0-301F-11D3-BF4B-00C04F79EFBC}") = "Accommodation.Interfaces", "..\Accommodation.Interfaces\Accommodation.Interfaces.csproj", "{E6957B25-31D8-4B27-833B-DAB68719BF04}"
EndProject
Project("{FAE04EC0-301F-11D3-BF4B-00C04F79EFBC}") = "Accommodation.Maps", "..\Accommodation.Maps\Accommodation.Maps.csproj", "{65711C37-AE08-47C1-9D42-8A26B7336465}"
EndProject
Project("{FAE04EC0-301F-11D3-BF4B-00C04F79EFBC}") = "Accommodation.Models", "..\Accommodation.Models\Accommodation.Models.csproj", "{4CDA2545-A757-44F7-87BF-7C58FE7C35DF}"
EndProject
Project("{FAE04EC0-301F-11D3-BF4B-00C04F79EFBC}") = "Accommodation.Repositories", "..\Accommodation.Repositories\Accommodation.Repositories.csproj", "{7E5AE0D6-91E1-4FA3-AF88-5981C7B439BC}"
EndProject
Project("{FAE04EC0-301F-11D3-BF4B-00C04F79EFBC}") = "Accommodation.Services", "..\Accommodation.Services\Accommodation.Services.csproj", "{43DBEA51-A557-4889-895B-B6E046A71B42}"
EndProject
Project("{FAE04EC0-301F-11D3-BF4B-00C04F79EFBC}") = "Accommodation.Web.API", "..\Accommodation.Web.API\Accommodation.Web.API.csproj", "{F17F3AAC-74E3-484E-8636-858B055A4D9A}"
EndProject
Project("{FAE04EC0-301F-11D3-BF4B-00C04F79EFBC}") = "Accommodation.Unity.Injection", "..\Accommodation.Unity.Injection\Accommodation.Unity.Injection.csproj", "{0C7D5D34-FDEF-4A53-8BEB-5DCDD0D28BDD}"
EndProject
Project("{FAE04EC0-301F-11D3-BF4B-00C04F79EFBC}") = "Accommodation.Commons", "..\Accommodation.Commons\Accommodation.Commons.csproj", "{BC51433B-A9C5-4019-8023-DE2CC87748A8}"
EndProject
Project("{FAE04EC0-301F-11D3-BF4B-00C04F79EFBC}") = "Accommodation.Interfaces.Commons", "Accommodation.Interfaces.Commons\Accommodation.Interfaces.Commons.csproj", "{0EB82A39-2D19-4282-8D4E-D2FFD8DE84C2}"
EndProject
Project("{FAE04EC0-301F-11D3-BF4B-00C04F79EFBC}") = "Accommodation.ErrorManager", "Accommodation.ErrorManager\Accommodation.ErrorManager.csproj", "{E23A12EE-DEE7-4E1C-86BC-B9CEC36688F5}"
EndProject
Project("{FAE04EC0-301F-11D3-BF4B-00C04F79EFBC}") = "Accommodation.ViewModels", "..\Accommodation.ViewModels\Accommodation.ViewModels.csproj", "{635970D8-9C57-4ECF-A84F-62E9CEC9F862}"
EndProject
Global
	GlobalSection(SolutionConfigurationPlatforms) = preSolution
		Debug|Any CPU = Debug|Any CPU
		Production|Any CPU = Production|Any CPU
		Release|Any CPU = Release|Any CPU
	EndGlobalSection
	GlobalSection(ProjectConfigurationPlatforms) = postSolution
		{E6957B25-31D8-4B27-833B-DAB68719BF04}.Debug|Any CPU.ActiveCfg = Debug|Any CPU
		{E6957B25-31D8-4B27-833B-DAB68719BF04}.Debug|Any CPU.Build.0 = Debug|Any CPU
		{E6957B25-31D8-4B27-833B-DAB68719BF04}.Production|Any CPU.ActiveCfg = Release|Any CPU
		{E6957B25-31D8-4B27-833B-DAB68719BF04}.Production|Any CPU.Build.0 = Release|Any CPU
		{E6957B25-31D8-4B27-833B-DAB68719BF04}.Release|Any CPU.ActiveCfg = Release|Any CPU
		{E6957B25-31D8-4B27-833B-DAB68719BF04}.Release|Any CPU.Build.0 = Release|Any CPU
		{65711C37-AE08-47C1-9D42-8A26B7336465}.Debug|Any CPU.ActiveCfg = Debug|Any CPU
		{65711C37-AE08-47C1-9D42-8A26B7336465}.Debug|Any CPU.Build.0 = Debug|Any CPU
		{65711C37-AE08-47C1-9D42-8A26B7336465}.Production|Any CPU.ActiveCfg = Release|Any CPU
		{65711C37-AE08-47C1-9D42-8A26B7336465}.Production|Any CPU.Build.0 = Release|Any CPU
		{65711C37-AE08-47C1-9D42-8A26B7336465}.Release|Any CPU.ActiveCfg = Release|Any CPU
		{65711C37-AE08-47C1-9D42-8A26B7336465}.Release|Any CPU.Build.0 = Release|Any CPU
		{4CDA2545-A757-44F7-87BF-7C58FE7C35DF}.Debug|Any CPU.ActiveCfg = Debug|Any CPU
		{4CDA2545-A757-44F7-87BF-7C58FE7C35DF}.Debug|Any CPU.Build.0 = Debug|Any CPU
		{4CDA2545-A757-44F7-87BF-7C58FE7C35DF}.Production|Any CPU.ActiveCfg = Release|Any CPU
		{4CDA2545-A757-44F7-87BF-7C58FE7C35DF}.Production|Any CPU.Build.0 = Release|Any CPU
		{4CDA2545-A757-44F7-87BF-7C58FE7C35DF}.Release|Any CPU.ActiveCfg = Release|Any CPU
		{4CDA2545-A757-44F7-87BF-7C58FE7C35DF}.Release|Any CPU.Build.0 = Release|Any CPU
		{7E5AE0D6-91E1-4FA3-AF88-5981C7B439BC}.Debug|Any CPU.ActiveCfg = Debug|Any CPU
		{7E5AE0D6-91E1-4FA3-AF88-5981C7B439BC}.Debug|Any CPU.Build.0 = Debug|Any CPU
		{7E5AE0D6-91E1-4FA3-AF88-5981C7B439BC}.Production|Any CPU.ActiveCfg = Release|Any CPU
		{7E5AE0D6-91E1-4FA3-AF88-5981C7B439BC}.Production|Any CPU.Build.0 = Release|Any CPU
		{7E5AE0D6-91E1-4FA3-AF88-5981C7B439BC}.Release|Any CPU.ActiveCfg = Release|Any CPU
		{7E5AE0D6-91E1-4FA3-AF88-5981C7B439BC}.Release|Any CPU.Build.0 = Release|Any CPU
		{43DBEA51-A557-4889-895B-B6E046A71B42}.Debug|Any CPU.ActiveCfg = Debug|Any CPU
		{43DBEA51-A557-4889-895B-B6E046A71B42}.Debug|Any CPU.Build.0 = Debug|Any CPU
		{43DBEA51-A557-4889-895B-B6E046A71B42}.Production|Any CPU.ActiveCfg = Release|Any CPU
		{43DBEA51-A557-4889-895B-B6E046A71B42}.Production|Any CPU.Build.0 = Release|Any CPU
		{43DBEA51-A557-4889-895B-B6E046A71B42}.Release|Any CPU.ActiveCfg = Release|Any CPU
		{43DBEA51-A557-4889-895B-B6E046A71B42}.Release|Any CPU.Build.0 = Release|Any CPU
		{F17F3AAC-74E3-484E-8636-858B055A4D9A}.Debug|Any CPU.ActiveCfg = Debug|Any CPU
		{F17F3AAC-74E3-484E-8636-858B055A4D9A}.Debug|Any CPU.Build.0 = Debug|Any CPU
		{F17F3AAC-74E3-484E-8636-858B055A4D9A}.Production|Any CPU.ActiveCfg = Release|Any CPU
		{F17F3AAC-74E3-484E-8636-858B055A4D9A}.Production|Any CPU.Build.0 = Release|Any CPU
		{F17F3AAC-74E3-484E-8636-858B055A4D9A}.Release|Any CPU.ActiveCfg = Release|Any CPU
		{F17F3AAC-74E3-484E-8636-858B055A4D9A}.Release|Any CPU.Build.0 = Release|Any CPU
		{0C7D5D34-FDEF-4A53-8BEB-5DCDD0D28BDD}.Debug|Any CPU.ActiveCfg = Debug|Any CPU
		{0C7D5D34-FDEF-4A53-8BEB-5DCDD0D28BDD}.Debug|Any CPU.Build.0 = Debug|Any CPU
		{0C7D5D34-FDEF-4A53-8BEB-5DCDD0D28BDD}.Production|Any CPU.ActiveCfg = Release|Any CPU
		{0C7D5D34-FDEF-4A53-8BEB-5DCDD0D28BDD}.Production|Any CPU.Build.0 = Release|Any CPU
		{0C7D5D34-FDEF-4A53-8BEB-5DCDD0D28BDD}.Release|Any CPU.ActiveCfg = Release|Any CPU
		{0C7D5D34-FDEF-4A53-8BEB-5DCDD0D28BDD}.Release|Any CPU.Build.0 = Release|Any CPU
		{BC51433B-A9C5-4019-8023-DE2CC87748A8}.Debug|Any CPU.ActiveCfg = Debug|Any CPU
		{BC51433B-A9C5-4019-8023-DE2CC87748A8}.Debug|Any CPU.Build.0 = Debug|Any CPU
		{BC51433B-A9C5-4019-8023-DE2CC87748A8}.Production|Any CPU.ActiveCfg = Release|Any CPU
		{BC51433B-A9C5-4019-8023-DE2CC87748A8}.Production|Any CPU.Build.0 = Release|Any CPU
		{BC51433B-A9C5-4019-8023-DE2CC87748A8}.Release|Any CPU.ActiveCfg = Release|Any CPU
		{BC51433B-A9C5-4019-8023-DE2CC87748A8}.Release|Any CPU.Build.0 = Release|Any CPU
		{0EB82A39-2D19-4282-8D4E-D2FFD8DE84C2}.Debug|Any CPU.ActiveCfg = Debug|Any CPU
		{0EB82A39-2D19-4282-8D4E-D2FFD8DE84C2}.Debug|Any CPU.Build.0 = Debug|Any CPU
		{0EB82A39-2D19-4282-8D4E-D2FFD8DE84C2}.Production|Any CPU.ActiveCfg = Release|Any CPU
		{0EB82A39-2D19-4282-8D4E-D2FFD8DE84C2}.Production|Any CPU.Build.0 = Release|Any CPU
		{0EB82A39-2D19-4282-8D4E-D2FFD8DE84C2}.Release|Any CPU.ActiveCfg = Release|Any CPU
		{0EB82A39-2D19-4282-8D4E-D2FFD8DE84C2}.Release|Any CPU.Build.0 = Release|Any CPU
		{E23A12EE-DEE7-4E1C-86BC-B9CEC36688F5}.Debug|Any CPU.ActiveCfg = Debug|Any CPU
		{E23A12EE-DEE7-4E1C-86BC-B9CEC36688F5}.Debug|Any CPU.Build.0 = Debug|Any CPU
		{E23A12EE-DEE7-4E1C-86BC-B9CEC36688F5}.Production|Any CPU.ActiveCfg = Release|Any CPU
		{E23A12EE-DEE7-4E1C-86BC-B9CEC36688F5}.Production|Any CPU.Build.0 = Release|Any CPU
		{E23A12EE-DEE7-4E1C-86BC-B9CEC36688F5}.Release|Any CPU.ActiveCfg = Release|Any CPU
		{E23A12EE-DEE7-4E1C-86BC-B9CEC36688F5}.Release|Any CPU.Build.0 = Release|Any CPU
		{635970D8-9C57-4ECF-A84F-62E9CEC9F862}.Debug|Any CPU.ActiveCfg = Debug|Any CPU
		{635970D8-9C57-4ECF-A84F-62E9CEC9F862}.Debug|Any CPU.Build.0 = Debug|Any CPU
		{635970D8-9C57-4ECF-A84F-62E9CEC9F862}.Production|Any CPU.ActiveCfg = Production|Any CPU
		{635970D8-9C57-4ECF-A84F-62E9CEC9F862}.Production|Any CPU.Build.0 = Production|Any CPU
		{635970D8-9C57-4ECF-A84F-62E9CEC9F862}.Release|Any CPU.ActiveCfg = Release|Any CPU
		{635970D8-9C57-4ECF-A84F-62E9CEC9F862}.Release|Any CPU.Build.0 = Release|Any CPU
	EndGlobalSection
	GlobalSection(SolutionProperties) = preSolution
		HideSolutionNode = FALSE
	EndGlobalSection
EndGlobal
